PODS:
  - Alamofire (5.6.4)
  - CryptoSwift (1.3.2)
  - DeviceKit (5.0.0)
  - SocketRocket (0.6.0)
  - StompClientLib (1.4.1):
    - SocketRocket
  - SwiftOTP (2.0.2):
    - CryptoSwift (>= 1.0.0)
  - SwiftyJSON (5.0.1)

DEPENDENCIES:
  - Alamofire (~> 5.5)
  - CryptoSwift (= 1.3.2)
  - DeviceKit
  - StompClientLib
  - SwiftOTP (= 2.0.2)
  - SwiftyJSON

SPEC REPOS:
  trunk:
    - Alamofire
    - CryptoSwift
    - DeviceKit
    - SocketRocket
    - StompClientLib
    - SwiftOTP
    - SwiftyJSON

SPEC CHECKSUMS:
  Alamofire: 4e95d97098eacb88856099c4fc79b526a299e48c
  CryptoSwift: 093499be1a94b0cae36e6c26b70870668cb56060
  DeviceKit: 0fd016a2cb67aca17c33dc23171cac270131eb88
  SocketRocket: fccef3f9c5cedea1353a9ef6ada904fde10d6608
  StompClientLib: ac40390e9660c574675f1c933bec81c8e2811a4f
  SwiftOTP: 572fb5601add61e93534cf6644ef236d65b4aae8
  SwiftyJSON: 2f33a42c6fbc52764d96f13368585094bfd8aa5e

PODFILE CHECKSUM: dd3801468e14aaa0816be060d35aeb115aa56441

COCOAPODS: 1.12.0
